
Microsoft Visual Studio Solution File, Format Version 12.00
# Visual Studio Version 16
VisualStudioVersion = 16.0.30413.136
MinimumVisualStudioVersion = 10.0.40219.1
Project("{9A19103F-16F7-4668-BE54-9A1E7A4F7556}") = "ProblemSolution", "ProblemSolution\ProblemSolution.csproj", "{012A8CD2-2579-458E-A706-4FEBBA2F1817}"
EndProject
Project("{9A19103F-16F7-4668-BE54-9A1E7A4F7556}") = "ProblemSolutionTests", "ProblemSolutionTests\ProblemSolutionTests.csproj", "{622287CC-C510-4318-9084-728EB02B1C85}"
EndProject
Global
	GlobalSection(SolutionConfigurationPlatforms) = preSolution
		Debug|Any CPU = Debug|Any CPU
		Release|Any CPU = Release|Any CPU
	EndGlobalSection
	GlobalSection(ProjectConfigurationPlatforms) = postSolution
		{012A8CD2-2579-458E-A706-4FEBBA2F1817}.Debug|Any CPU.ActiveCfg = Debug|Any CPU
		{012A8CD2-2579-458E-A706-4FEBBA2F1817}.Debug|Any CPU.Build.0 = Debug|Any CPU
		{012A8CD2-2579-458E-A706-4FEBBA2F1817}.Release|Any CPU.ActiveCfg = Release|Any CPU
		{012A8CD2-2579-458E-A706-4FEBBA2F1817}.Release|Any CPU.Build.0 = Release|Any CPU
		{622287CC-C510-4318-9084-728EB02B1C85}.Debug|Any CPU.ActiveCfg = Debug|Any CPU
		{622287CC-C510-4318-9084-728EB02B1C85}.Debug|Any CPU.Build.0 = Debug|Any CPU
		{622287CC-C510-4318-9084-728EB02B1C85}.Release|Any CPU.ActiveCfg = Release|Any CPU
		{622287CC-C510-4318-9084-728EB02B1C85}.Release|Any CPU.Build.0 = Release|Any CPU
	EndGlobalSection
	GlobalSection(SolutionProperties) = preSolution
		HideSolutionNode = FALSE
	EndGlobalSection
	GlobalSection(ExtensibilityGlobals) = postSolution
		SolutionGuid = {7BA62983-9686-48FD-9B36-217DF17BF343}
	EndGlobalSection
EndGlobal
